// !$*UTF8*$!
{
	archiveVersion = 1;
	classes = {
	};
	objectVersion = 46;
	objects = {

/* Begin PBXBuildFile section */
		7A45C41E1E1B7A9500D986EF /* AppDelegate.swift in Sources */ = {isa = PBXBuildFile; fileRef = 7A45C41D1E1B7A9500D986EF /* AppDelegate.swift */; };
		7A45C4201E1B7A9500D986EF /* ViewController.swift in Sources */ = {isa = PBXBuildFile; fileRef = 7A45C41F1E1B7A9500D986EF /* ViewController.swift */; };
		7A45C4251E1B7A9500D986EF /* Assets.xcassets in Resources */ = {isa = PBXBuildFile; fileRef = 7A45C4241E1B7A9500D986EF /* Assets.xcassets */; };
		7A45C4281E1B7A9500D986EF /* LaunchScreen.storyboard in Resources */ = {isa = PBXBuildFile; fileRef = 7A45C4261E1B7A9500D986EF /* LaunchScreen.storyboard */; };
		7A45C4301E1B7CCE00D986EF /* ScanVC.swift in Sources */ = {isa = PBXBuildFile; fileRef = 7A45C42F1E1B7CCE00D986EF /* ScanVC.swift */; };
		7A45C4321E1B7CD800D986EF /* ImageVC.swift in Sources */ = {isa = PBXBuildFile; fileRef = 7A45C4311E1B7CD800D986EF /* ImageVC.swift */; };
/* End PBXBuildFile section */

/* Begin PBXFileReference section */
		7A45C41A1E1B7A9500D986EF /* QRCode.app */ = {isa = PBXFileReference; explicitFileType = wrapper.application; includeInIndex = 0; path = QRCode.app; sourceTree = BUILT_PRODUCTS_DIR; };
		7A45C41D1E1B7A9500D986EF /* AppDelegate.swift */ = {isa = PBXFileReference; lastKnownFileType = sourcecode.swift; path = AppDelegate.swift; sourceTree = "<group>"; };
		7A45C41F1E1B7A9500D986EF /* ViewController.swift */ = {isa = PBXFileReference; lastKnownFileType = sourcecode.swift; path = ViewController.swift; sourceTree = "<group>"; };
		7A45C4241E1B7A9500D986EF /* Assets.xcassets */ = {isa = PBXFileReference; lastKnownFileType = folder.assetcatalog; path = Assets.xcassets; sourceTree = "<group>"; };
		7A45C4271E1B7A9500D986EF /* Base */ = {isa = PBXFileReference; lastKnownFileType = file.storyboard; name = Base; path = Base.lproj/LaunchScreen.storyboard; sourceTree = "<group>"; };
		7A45C4291E1B7A9500D986EF /* Info.plist */ = {isa = PBXFileReference; lastKnownFileType = text.plist.xml; path = Info.plist; sourceTree = "<group>"; };
		7A45C42F1E1B7CCE00D986EF /* ScanVC.swift */ = {isa = PBXFileReference; fileEncoding = 4; lastKnownFileType = sourcecode.swift; path = ScanVC.swift; sourceTree = "<group>"; };
		7A45C4311E1B7CD800D986EF /* ImageVC.swift */ = {isa = PBXFileReference; fileEncoding = 4; lastKnownFileType = sourcecode.swift; path = ImageVC.swift; sourceTree = "<group>"; };
/* End PBXFileReference section */

/* Begin PBXFrameworksBuildPhase section */
		7A45C4171E1B7A9500D986EF /* Frameworks */ = {
			isa = PBXFrameworksBuildPhase;
			buildActionMask = 2147483647;
			files = (
			);
			runOnlyForDeploymentPostprocessing = 0;
		};
/* End PBXFrameworksBuildPhase section */

/* Begin PBXGroup section */
		7A45C4111E1B7A9500D986EF = {
			isa = PBXGroup;
			children = (
				7A45C41C1E1B7A9500D986EF /* QRCode */,
				7A45C41B1E1B7A9500D986EF /* Products */,
			);
			sourceTree = "<group>";
		};
		7A45C41B1E1B7A9500D986EF /* Products */ = {
			isa = PBXGroup;
			children = (
				7A45C41A1E1B7A9500D986EF /* QRCode.app */,
			);
			name = Products;
			sourceTree = "<group>";
		};
		7A45C41C1E1B7A9500D986EF /* QRCode */ = {
			isa = PBXGroup;
			children = (
				7A45C41D1E1B7A9500D986EF /* AppDelegate.swift */,
				7A45C41F1E1B7A9500D986EF /* ViewController.swift */,
				7A45C42F1E1B7CCE00D986EF /* ScanVC.swift */,
				7A45C4311E1B7CD800D986EF /* ImageVC.swift */,
				7A45C4241E1B7A9500D986EF /* Assets.xcassets */,
				7A45C4261E1B7A9500D986EF /* LaunchScreen.storyboard */,
				7A45C4291E1B7A9500D986EF /* Info.plist */,
			);
			path = QRCode;
			sourceTree = "<group>";
		};
/* End PBXGroup section */

/* Begin PBXNativeTarget section */
		7A45C4191E1B7A9500D986EF /* QRCode */ = {
			isa = PBXNativeTarget;
			buildConfigurationList = 7A45C42C1E1B7A9500D986EF /* Build configuration list for PBXNativeTarget "QRCode" */;
			buildPhases = (
				7A45C4161E1B7A9500D986EF /* Sources */,
				7A45C4171E1B7A9500D986EF /* Frameworks */,
				7A45C4181E1B7A9500D986EF /* Resources */,
			);
			buildRules = (
			);
			dependencies = (
			);
			name = QRCode;
			productName = QRCode;
			productReference = 7A45C41A1E1B7A9500D986EF /* QRCode.app */;
			productType = "com.apple.product-type.application";
		};
/* End PBXNativeTarget section */

/* Begin PBXProject section */
		7A45C4121E1B7A9500D986EF /* Project object */ = {
			isa = PBXProject;
			attributes = {
				LastSwiftUpdateCheck = 0800;
				LastUpgradeCheck = 0800;
				ORGANIZATIONNAME = YuHua;
				TargetAttributes = {
					7A45C4191E1B7A9500D986EF = {
						CreatedOnToolsVersion = 8.0;
						DevelopmentTeam = 6EY5DQRGKF;
						ProvisioningStyle = Automatic;
					};
				};
			};
			buildConfigurationList = 7A45C4151E1B7A9500D986EF /* Build configuration list for PBXProject "QRCode" */;
			compatibilityVersion = "Xcode 3.2";
			developmentRegion = English;
			hasScannedForEncodings = 0;
			knownRegions = (
				en,
				Base,
			);
			mainGroup = 7A45C4111E1B7A9500D986EF;
			productRefGroup = 7A45C41B1E1B7A9500D986EF /* Products */;
			projectDirPath = "";
			projectRoot = "";
			targets = (
				7A45C4191E1B7A9500D986EF /* QRCode */,
			);
		};
/* End PBXProject section */

/* Begin PBXResourcesBuildPhase section */
		7A45C4181E1B7A9500D986EF /* Resources */ = {
			isa = PBXResourcesBuildPhase;
			buildActionMask = 2147483647;
			files = (
				7A45C4281E1B7A9500D986EF /* LaunchScreen.storyboard in Resources */,
				7A45C4251E1B7A9500D986EF /* Assets.xcassets in Resources */,
			);
			runOnlyForDeploymentPostprocessing = 0;
		};
/* End PBXResourcesBuildPhase section */

/* Begin PBXSourcesBuildPhase section */
		7A45C4161E1B7A9500D986EF /* Sources */ = {
			isa = PBXSourcesBuildPhase;
			buildActionMask = 2147483647;
			files = (
				7A45C4321E1B7CD800D986EF /* ImageVC.swift in Sources */,
				7A45C4201E1B7A9500D986EF /* ViewController.swift in Sources */,
				7A45C41E1E1B7A9500D986EF /* AppDelegate.swift in Sources */,
				7A45C4301E1B7CCE00D986EF /* ScanVC.swift in Sources */,
			);
			runOnlyForDeploymentPostprocessing = 0;
		};
/* End PBXSourcesBuildPhase section */

/* Begin PBXVariantGroup section */
		7A45C4261E1B7A9500D986EF /* LaunchScreen.storyboard */ = {
			isa = PBXVariantGroup;
			children = (
				7A45C4271E1B7A9500D986EF /* Base */,
			);
			name = LaunchScreen.storyboard;
			sourceTree = "<group>";
		};
/* End PBXVariantGroup section */

/* Begin XCBuildConfiguration section */
		7A45C42A1E1B7A9500D986EF /* Debug */ = {
			isa = XCBuildConfiguration;
			buildSettings = {
				ALWAYS_SEARCH_USER_PATHS = NO;
				CLANG_ANALYZER_NONNULL = YES;
				CLANG_CXX_LANGUAGE_STANDARD = "gnu++0x";
				CLANG_CXX_LIBRARY = "libc++";
				CLANG_ENABLE_MODULES = YES;
				CLANG_ENABLE_OBJC_ARC = YES;
				CLANG_WARN_BOOL_CONVERSION = YES;
				CLANG_WARN_CONSTANT_CONVERSION = YES;
				CLANG_WARN_DIRECT_OBJC_ISA_USAGE = YES_ERROR;
				CLANG_WARN_DOCUMENTATION_COMMENTS = YES;
				CLANG_WARN_EMPTY_BODY = YES;
				CLANG_WARN_ENUM_CONVERSION = YES;
				CLANG_WARN_INFINITE_RECURSION = YES;
				CLANG_WARN_INT_CONVERSION = YES;
				CLANG_WARN_OBJC_ROOT_CLASS = YES_ERROR;
				CLANG_WARN_SUSPICIOUS_MOVES = YES;
				CLANG_WARN_UNREACHABLE_CODE = YES;
				CLANG_WARN__DUPLICATE_METHOD_MATCH = YES;
				"CODE_SIGN_IDENTITY[sdk=iphoneos*]" = "iPhone Developer";
				COPY_PHASE_STRIP = NO;
				DEBUG_INFORMATION_FORMAT = dwarf;
				ENABLE_STRICT_OBJC_MSGSEND = YES;
				ENABLE_TESTABILITY = YES;
				GCC_C_LANGUAGE_STANDARD = gnu99;
				GCC_DYNAMIC_NO_PIC = NO;
				GCC_NO_COMMON_BLOCKS = YES;
				GCC_OPTIMIZATION_LEVEL = 0;
				GCC_PREPROCESSOR_DEFINITIONS = (
					"DEBUG=1",
					"$(inherited)",
				);
				GCC_WARN_64_TO_32_BIT_CONVERSION = YES;
				GCC_WARN_ABOUT_RETURN_TYPE = YES_ERROR;
				GCC_WARN_UNDECLARED_SELECTOR = YES;
				GCC_WARN_UNINITIALIZED_AUTOS = YES_AGGRESSIVE;
				GCC_WARN_UNUSED_FUNCTION = YES;
				GCC_WARN_UNUSED_VARIABLE = YES;
				IPHONEOS_DEPLOYMENT_TARGET = 8.0;
				MTL_ENABLE_DEBUG_INFO = YES;
				ONLY_ACTIVE_ARCH = YES;
				SDKROOT = iphoneos;
				SWIFT_ACTIVE_COMPILATION_CONDITIONS = DEBUG;
				SWIFT_OPTIMIZATION_LEVEL = "-Onone";
			};
			name = Debug;
		};
		7A45C42B1E1B7A9500D986EF /* Release */ = {
			isa = XCBuildConfiguration;
			buildSettings = {
				ALWAYS_SEARCH_USER_PATHS = NO;
				CLANG_ANALYZER_NONNULL = YES;
				CLANG_CXX_LANGUAGE_STANDARD = "gnu++0x";
				CLANG_CXX_LIBRARY = "libc++";
				CLANG_ENABLE_MODULES = YES;
				CLANG_ENABLE_OBJC_ARC = YES;
				CLANG_WARN_BOOL_CONVERSION = YES;
				CLANG_WARN_CONSTANT_CONVERSION = YES;
				CLANG_WARN_DIRECT_OBJC_ISA_USAGE = YES_ERROR;
				CLANG_WARN_DOCUMENTATION_COMMENTS = YES;
				CLANG_WARN_EMPTY_BODY = YES;
				CLANG_WARN_ENUM_CONVERSION = YES;
				CLANG_WARN_INFINITE_RECURSION = YES;
				CLANG_WARN_INT_CONVERSION = YES;
				CLANG_WARN_OBJC_ROOT_CLASS = YES_ERROR;
				CLANG_WARN_SUSPICIOUS_MOVES = YES;
				CLANG_WARN_UNREACHABLE_CODE = YES;
				CLANG_WARN__DUPLICATE_METHOD_MATCH = YES;
				"CODE_SIGN_IDENTITY[sdk=iphoneos*]" = "iPhone Developer";
				COPY_PHASE_STRIP = NO;
				DEBUG_INFORMATION_FORMAT = "dwarf-with-dsym";
				ENABLE_NS_ASSERTIONS = NO;
				ENABLE_STRICT_OBJC_MSGSEND = YES;
				GCC_C_LANGUAGE_STANDARD = gnu99;
				GCC_NO_COMMON_BLOCKS = YES;
				GCC_WARN_64_TO_32_BIT_CONVERSION = YES;
				GCC_WARN_ABOUT_RETURN_TYPE = YES_ERROR;
				GCC_WARN_UNDECLARED_SELECTOR = YES;
				GCC_WARN_UNINITIALIZED_AUTOS = YES_AGGRESSIVE;
				GCC_WARN_UNUSED_FUNCTION = YES;
				GCC_WARN_UNUSED_VARIABLE = YES;
				IPHONEOS_DEPLOYMENT_TARGET = 8.0;
				MTL_ENABLE_DEBUG_INFO = NO;
				SDKROOT = iphoneos;
				SWIFT_OPTIMIZATION_LEVEL = "-Owholemodule";
				VALIDATE_PRODUCT = YES;
			};
			name = Release;
		};
		7A45C42D1E1B7A9500D986EF /* Debug */ = {
			isa = XCBuildConfiguration;
			buildSettings = {
				ASSETCATALOG_COMPILER_APPICON_NAME = AppIcon;
				DEVELOPMENT_TEAM = 6EY5DQRGKF;
				INFOPLIST_FILE = QRCode/Info.plist;
				IPHONEOS_DEPLOYMENT_TARGET = 8.0;
				LD_RUNPATH_SEARCH_PATHS = "$(inherited) @executable_path/Frameworks";
				PRODUCT_BUNDLE_IDENTIFIER = com.yuhua.QRCod;
				PRODUCT_NAME = "$(TARGET_NAME)";
				SWIFT_VERSION = 3.0;
			};
			name = Debug;
		};
		7A45C42E1E1B7A9500D986EF /* Release */ = {
			isa = XCBuildConfiguration;
			buildSettings = {
				ASSETCATALOG_COMPILER_APPICON_NAME = AppIcon;
				DEVELOPMENT_TEAM = 6EY5DQRGKF;
				INFOPLIST_FILE = QRCode/Info.plist;
				IPHONEOS_DEPLOYMENT_TARGET = 8.0;
				LD_RUNPATH_SEARCH_PATHS = "$(inherited) @executable_path/Frameworks";
				PRODUCT_BUNDLE_IDENTIFIER = com.yuhua.QRCod;
				PRODUCT_NAME = "$(TARGET_NAME)";
				SWIFT_VERSION = 3.0;
			};
			name = Release;
		};
/* End XCBuildConfiguration section */

/* Begin XCConfigurationList section */
		7A45C4151E1B7A9500D986EF /* Build configuration list for PBXProject "QRCode" */ = {
			isa = XCConfigurationList;
			buildConfigurations = (
				7A45C42A1E1B7A9500D986EF /* Debug */,
				7A45C42B1E1B7A9500D986EF /* Release */,
			);
			defaultConfigurationIsVisible = 0;
			defaultConfigurationName = Release;
		};
		7A45C42C1E1B7A9500D986EF /* Build configuration list for PBXNativeTarget "QRCode" */ = {
			isa = XCConfigurationList;
			buildConfigurations = (
				7A45C42D1E1B7A9500D986EF /* Debug */,
				7A45C42E1E1B7A9500D986EF /* Release */,
			);
			defaultConfigurationIsVisible = 0;
			defaultConfigurationName = Release;
		};
/* End XCConfigurationList section */
	};
	rootObject = 7A45C4121E1B7A9500D986EF /* Project object */;
}
