// !$*UTF8*$!
{
	archiveVersion = 1;
	classes = {
	};
	objectVersion = 46;
	objects = {

/* Begin PBXBuildFile section */
		7893AC283555E1732D095F80 /* Pods_NetPictures.framework in Frameworks */ = {isa = PBXBuildFile; fileRef = AD7B9B33B8EACC9088895221 /* Pods_NetPictures.framework */; };
		7A065AFB1E1DE7BF003D5093 /* AppDelegate.swift in Sources */ = {isa = PBXBuildFile; fileRef = 7A065AFA1E1DE7BF003D5093 /* AppDelegate.swift */; };
		7A065AFD1E1DE7BF003D5093 /* ViewController.swift in Sources */ = {isa = PBXBuildFile; fileRef = 7A065AFC1E1DE7BF003D5093 /* ViewController.swift */; };
		7A065B021E1DE7BF003D5093 /* Assets.xcassets in Resources */ = {isa = PBXBuildFile; fileRef = 7A065B011E1DE7BF003D5093 /* Assets.xcassets */; };
		7A065B051E1DE7BF003D5093 /* LaunchScreen.storyboard in Resources */ = {isa = PBXBuildFile; fileRef = 7A065B031E1DE7BF003D5093 /* LaunchScreen.storyboard */; };
		7A065B0F1E1DF08A003D5093 /* ToolFile.swift in Sources */ = {isa = PBXBuildFile; fileRef = 7A065B0E1E1DF08A003D5093 /* ToolFile.swift */; };
		7A065B131E1E3655003D5093 /* CustomCell.swift in Sources */ = {isa = PBXBuildFile; fileRef = 7A065B121E1E3655003D5093 /* CustomCell.swift */; };
/* End PBXBuildFile section */

/* Begin PBXFileReference section */
		09DB28F1111F240D9C38728A /* Pods-NetPictures.release.xcconfig */ = {isa = PBXFileReference; includeInIndex = 1; lastKnownFileType = text.xcconfig; name = "Pods-NetPictures.release.xcconfig"; path = "Pods/Target Support Files/Pods-NetPictures/Pods-NetPictures.release.xcconfig"; sourceTree = "<group>"; };
		7A065AF71E1DE7BF003D5093 /* NetPictures.app */ = {isa = PBXFileReference; explicitFileType = wrapper.application; includeInIndex = 0; path = NetPictures.app; sourceTree = BUILT_PRODUCTS_DIR; };
		7A065AFA1E1DE7BF003D5093 /* AppDelegate.swift */ = {isa = PBXFileReference; lastKnownFileType = sourcecode.swift; path = AppDelegate.swift; sourceTree = "<group>"; };
		7A065AFC1E1DE7BF003D5093 /* ViewController.swift */ = {isa = PBXFileReference; lastKnownFileType = sourcecode.swift; path = ViewController.swift; sourceTree = "<group>"; };
		7A065B011E1DE7BF003D5093 /* Assets.xcassets */ = {isa = PBXFileReference; lastKnownFileType = folder.assetcatalog; path = Assets.xcassets; sourceTree = "<group>"; };
		7A065B041E1DE7BF003D5093 /* Base */ = {isa = PBXFileReference; lastKnownFileType = file.storyboard; name = Base; path = Base.lproj/LaunchScreen.storyboard; sourceTree = "<group>"; };
		7A065B061E1DE7BF003D5093 /* Info.plist */ = {isa = PBXFileReference; lastKnownFileType = text.plist.xml; path = Info.plist; sourceTree = "<group>"; };
		7A065B0E1E1DF08A003D5093 /* ToolFile.swift */ = {isa = PBXFileReference; fileEncoding = 4; lastKnownFileType = sourcecode.swift; path = ToolFile.swift; sourceTree = "<group>"; };
		7A065B121E1E3655003D5093 /* CustomCell.swift */ = {isa = PBXFileReference; fileEncoding = 4; lastKnownFileType = sourcecode.swift; path = CustomCell.swift; sourceTree = "<group>"; };
		98BF6B0F4B69CE93FF3A7FDB /* Pods-NetPictures.debug.xcconfig */ = {isa = PBXFileReference; includeInIndex = 1; lastKnownFileType = text.xcconfig; name = "Pods-NetPictures.debug.xcconfig"; path = "Pods/Target Support Files/Pods-NetPictures/Pods-NetPictures.debug.xcconfig"; sourceTree = "<group>"; };
		AD7B9B33B8EACC9088895221 /* Pods_NetPictures.framework */ = {isa = PBXFileReference; explicitFileType = wrapper.framework; includeInIndex = 0; path = Pods_NetPictures.framework; sourceTree = BUILT_PRODUCTS_DIR; };
/* End PBXFileReference section */

/* Begin PBXFrameworksBuildPhase section */
		7A065AF41E1DE7BF003D5093 /* Frameworks */ = {
			isa = PBXFrameworksBuildPhase;
			buildActionMask = 2147483647;
			files = (
				7893AC283555E1732D095F80 /* Pods_NetPictures.framework in Frameworks */,
			);
			runOnlyForDeploymentPostprocessing = 0;
		};
/* End PBXFrameworksBuildPhase section */

/* Begin PBXGroup section */
		7A065AEE1E1DE7BF003D5093 = {
			isa = PBXGroup;
			children = (
				7A065AF91E1DE7BF003D5093 /* NetPictures */,
				7A065AF81E1DE7BF003D5093 /* Products */,
				9EDF204EA45B89682A0A63C0 /* Pods */,
				E9D1F89563FB15BBE08BAF6D /* Frameworks */,
			);
			sourceTree = "<group>";
		};
		7A065AF81E1DE7BF003D5093 /* Products */ = {
			isa = PBXGroup;
			children = (
				7A065AF71E1DE7BF003D5093 /* NetPictures.app */,
			);
			name = Products;
			sourceTree = "<group>";
		};
		7A065AF91E1DE7BF003D5093 /* NetPictures */ = {
			isa = PBXGroup;
			children = (
				7A065AFA1E1DE7BF003D5093 /* AppDelegate.swift */,
				7A065AFC1E1DE7BF003D5093 /* ViewController.swift */,
				7A065B121E1E3655003D5093 /* CustomCell.swift */,
				7A065B0E1E1DF08A003D5093 /* ToolFile.swift */,
				7A065B011E1DE7BF003D5093 /* Assets.xcassets */,
				7A065B031E1DE7BF003D5093 /* LaunchScreen.storyboard */,
				7A065B061E1DE7BF003D5093 /* Info.plist */,
			);
			path = NetPictures;
			sourceTree = "<group>";
		};
		9EDF204EA45B89682A0A63C0 /* Pods */ = {
			isa = PBXGroup;
			children = (
				98BF6B0F4B69CE93FF3A7FDB /* Pods-NetPictures.debug.xcconfig */,
				09DB28F1111F240D9C38728A /* Pods-NetPictures.release.xcconfig */,
			);
			name = Pods;
			sourceTree = "<group>";
		};
		E9D1F89563FB15BBE08BAF6D /* Frameworks */ = {
			isa = PBXGroup;
			children = (
				AD7B9B33B8EACC9088895221 /* Pods_NetPictures.framework */,
			);
			name = Frameworks;
			sourceTree = "<group>";
		};
/* End PBXGroup section */

/* Begin PBXNativeTarget section */
		7A065AF61E1DE7BF003D5093 /* NetPictures */ = {
			isa = PBXNativeTarget;
			buildConfigurationList = 7A065B091E1DE7BF003D5093 /* Build configuration list for PBXNativeTarget "NetPictures" */;
			buildPhases = (
				CF1360D67E0D20BCAA791D81 /* [CP] Check Pods Manifest.lock */,
				7A065AF31E1DE7BF003D5093 /* Sources */,
				7A065AF41E1DE7BF003D5093 /* Frameworks */,
				7A065AF51E1DE7BF003D5093 /* Resources */,
				F7615636CD228000BBE8CF62 /* [CP] Embed Pods Frameworks */,
				313E48318B6F93AAB9C63ECE /* [CP] Copy Pods Resources */,
			);
			buildRules = (
			);
			dependencies = (
			);
			name = NetPictures;
			productName = NetPictures;
			productReference = 7A065AF71E1DE7BF003D5093 /* NetPictures.app */;
			productType = "com.apple.product-type.application";
		};
/* End PBXNativeTarget section */

/* Begin PBXProject section */
		7A065AEF1E1DE7BF003D5093 /* Project object */ = {
			isa = PBXProject;
			attributes = {
				LastSwiftUpdateCheck = 0800;
				LastUpgradeCheck = 0800;
				ORGANIZATIONNAME = YuHua;
				TargetAttributes = {
					7A065AF61E1DE7BF003D5093 = {
						CreatedOnToolsVersion = 8.0;
						DevelopmentTeam = 6VV2NJQ5AD;
						ProvisioningStyle = Automatic;
					};
				};
			};
			buildConfigurationList = 7A065AF21E1DE7BF003D5093 /* Build configuration list for PBXProject "NetPictures" */;
			compatibilityVersion = "Xcode 3.2";
			developmentRegion = English;
			hasScannedForEncodings = 0;
			knownRegions = (
				en,
				Base,
			);
			mainGroup = 7A065AEE1E1DE7BF003D5093;
			productRefGroup = 7A065AF81E1DE7BF003D5093 /* Products */;
			projectDirPath = "";
			projectRoot = "";
			targets = (
				7A065AF61E1DE7BF003D5093 /* NetPictures */,
			);
		};
/* End PBXProject section */

/* Begin PBXResourcesBuildPhase section */
		7A065AF51E1DE7BF003D5093 /* Resources */ = {
			isa = PBXResourcesBuildPhase;
			buildActionMask = 2147483647;
			files = (
				7A065B051E1DE7BF003D5093 /* LaunchScreen.storyboard in Resources */,
				7A065B021E1DE7BF003D5093 /* Assets.xcassets in Resources */,
			);
			runOnlyForDeploymentPostprocessing = 0;
		};
/* End PBXResourcesBuildPhase section */

/* Begin PBXShellScriptBuildPhase section */
		313E48318B6F93AAB9C63ECE /* [CP] Copy Pods Resources */ = {
			isa = PBXShellScriptBuildPhase;
			buildActionMask = 2147483647;
			files = (
			);
			inputPaths = (
			);
			name = "[CP] Copy Pods Resources";
			outputPaths = (
			);
			runOnlyForDeploymentPostprocessing = 0;
			shellPath = /bin/sh;
			shellScript = "\"${SRCROOT}/Pods/Target Support Files/Pods-NetPictures/Pods-NetPictures-resources.sh\"\n";
			showEnvVarsInLog = 0;
		};
		CF1360D67E0D20BCAA791D81 /* [CP] Check Pods Manifest.lock */ = {
			isa = PBXShellScriptBuildPhase;
			buildActionMask = 2147483647;
			files = (
			);
			inputPaths = (
			);
			name = "[CP] Check Pods Manifest.lock";
			outputPaths = (
			);
			runOnlyForDeploymentPostprocessing = 0;
			shellPath = /bin/sh;
			shellScript = "diff \"${PODS_ROOT}/../Podfile.lock\" \"${PODS_ROOT}/Manifest.lock\" > /dev/null\nif [[ $? != 0 ]] ; then\n    cat << EOM\nerror: The sandbox is not in sync with the Podfile.lock. Run 'pod install' or update your CocoaPods installation.\nEOM\n    exit 1\nfi\n";
			showEnvVarsInLog = 0;
		};
		F7615636CD228000BBE8CF62 /* [CP] Embed Pods Frameworks */ = {
			isa = PBXShellScriptBuildPhase;
			buildActionMask = 2147483647;
			files = (
			);
			inputPaths = (
			);
			name = "[CP] Embed Pods Frameworks";
			outputPaths = (
			);
			runOnlyForDeploymentPostprocessing = 0;
			shellPath = /bin/sh;
			shellScript = "\"${SRCROOT}/Pods/Target Support Files/Pods-NetPictures/Pods-NetPictures-frameworks.sh\"\n";
			showEnvVarsInLog = 0;
		};
/* End PBXShellScriptBuildPhase section */

/* Begin PBXSourcesBuildPhase section */
		7A065AF31E1DE7BF003D5093 /* Sources */ = {
			isa = PBXSourcesBuildPhase;
			buildActionMask = 2147483647;
			files = (
				7A065B0F1E1DF08A003D5093 /* ToolFile.swift in Sources */,
				7A065AFD1E1DE7BF003D5093 /* ViewController.swift in Sources */,
				7A065B131E1E3655003D5093 /* CustomCell.swift in Sources */,
				7A065AFB1E1DE7BF003D5093 /* AppDelegate.swift in Sources */,
			);
			runOnlyForDeploymentPostprocessing = 0;
		};
/* End PBXSourcesBuildPhase section */

/* Begin PBXVariantGroup section */
		7A065B031E1DE7BF003D5093 /* LaunchScreen.storyboard */ = {
			isa = PBXVariantGroup;
			children = (
				7A065B041E1DE7BF003D5093 /* Base */,
			);
			name = LaunchScreen.storyboard;
			sourceTree = "<group>";
		};
/* End PBXVariantGroup section */

/* Begin XCBuildConfiguration section */
		7A065B071E1DE7BF003D5093 /* Debug */ = {
			isa = XCBuildConfiguration;
			buildSettings = {
				ALWAYS_SEARCH_USER_PATHS = NO;
				CLANG_ANALYZER_NONNULL = YES;
				CLANG_CXX_LANGUAGE_STANDARD = "gnu++0x";
				CLANG_CXX_LIBRARY = "libc++";
				CLANG_ENABLE_MODULES = YES;
				CLANG_ENABLE_OBJC_ARC = YES;
				CLANG_WARN_BOOL_CONVERSION = YES;
				CLANG_WARN_CONSTANT_CONVERSION = YES;
				CLANG_WARN_DIRECT_OBJC_ISA_USAGE = YES_ERROR;
				CLANG_WARN_DOCUMENTATION_COMMENTS = YES;
				CLANG_WARN_EMPTY_BODY = YES;
				CLANG_WARN_ENUM_CONVERSION = YES;
				CLANG_WARN_INFINITE_RECURSION = YES;
				CLANG_WARN_INT_CONVERSION = YES;
				CLANG_WARN_OBJC_ROOT_CLASS = YES_ERROR;
				CLANG_WARN_SUSPICIOUS_MOVE = YES;
				CLANG_WARN_SUSPICIOUS_MOVES = YES;
				CLANG_WARN_UNREACHABLE_CODE = YES;
				CLANG_WARN__DUPLICATE_METHOD_MATCH = YES;
				"CODE_SIGN_IDENTITY[sdk=iphoneos*]" = "iPhone Developer";
				COPY_PHASE_STRIP = NO;
				DEBUG_INFORMATION_FORMAT = dwarf;
				ENABLE_STRICT_OBJC_MSGSEND = YES;
				ENABLE_TESTABILITY = YES;
				GCC_C_LANGUAGE_STANDARD = gnu99;
				GCC_DYNAMIC_NO_PIC = NO;
				GCC_NO_COMMON_BLOCKS = YES;
				GCC_OPTIMIZATION_LEVEL = 0;
				GCC_PREPROCESSOR_DEFINITIONS = (
					"DEBUG=1",
					"$(inherited)",
				);
				GCC_WARN_64_TO_32_BIT_CONVERSION = YES;
				GCC_WARN_ABOUT_RETURN_TYPE = YES_ERROR;
				GCC_WARN_UNDECLARED_SELECTOR = YES;
				GCC_WARN_UNINITIALIZED_AUTOS = YES_AGGRESSIVE;
				GCC_WARN_UNUSED_FUNCTION = YES;
				GCC_WARN_UNUSED_VARIABLE = YES;
				IPHONEOS_DEPLOYMENT_TARGET = 10.0;
				MTL_ENABLE_DEBUG_INFO = YES;
				ONLY_ACTIVE_ARCH = YES;
				SDKROOT = iphoneos;
				SWIFT_ACTIVE_COMPILATION_CONDITIONS = DEBUG;
				SWIFT_OPTIMIZATION_LEVEL = "-Onone";
			};
			name = Debug;
		};
		7A065B081E1DE7BF003D5093 /* Release */ = {
			isa = XCBuildConfiguration;
			buildSettings = {
				ALWAYS_SEARCH_USER_PATHS = NO;
				CLANG_ANALYZER_NONNULL = YES;
				CLANG_CXX_LANGUAGE_STANDARD = "gnu++0x";
				CLANG_CXX_LIBRARY = "libc++";
				CLANG_ENABLE_MODULES = YES;
				CLANG_ENABLE_OBJC_ARC = YES;
				CLANG_WARN_BOOL_CONVERSION = YES;
				CLANG_WARN_CONSTANT_CONVERSION = YES;
				CLANG_WARN_DIRECT_OBJC_ISA_USAGE = YES_ERROR;
				CLANG_WARN_DOCUMENTATION_COMMENTS = YES;
				CLANG_WARN_EMPTY_BODY = YES;
				CLANG_WARN_ENUM_CONVERSION = YES;
				CLANG_WARN_INFINITE_RECURSION = YES;
				CLANG_WARN_INT_CONVERSION = YES;
				CLANG_WARN_OBJC_ROOT_CLASS = YES_ERROR;
				CLANG_WARN_SUSPICIOUS_MOVE = YES;
				CLANG_WARN_SUSPICIOUS_MOVES = YES;
				CLANG_WARN_UNREACHABLE_CODE = YES;
				CLANG_WARN__DUPLICATE_METHOD_MATCH = YES;
				"CODE_SIGN_IDENTITY[sdk=iphoneos*]" = "iPhone Developer";
				COPY_PHASE_STRIP = NO;
				DEBUG_INFORMATION_FORMAT = "dwarf-with-dsym";
				ENABLE_NS_ASSERTIONS = NO;
				ENABLE_STRICT_OBJC_MSGSEND = YES;
				GCC_C_LANGUAGE_STANDARD = gnu99;
				GCC_NO_COMMON_BLOCKS = YES;
				GCC_WARN_64_TO_32_BIT_CONVERSION = YES;
				GCC_WARN_ABOUT_RETURN_TYPE = YES_ERROR;
				GCC_WARN_UNDECLARED_SELECTOR = YES;
				GCC_WARN_UNINITIALIZED_AUTOS = YES_AGGRESSIVE;
				GCC_WARN_UNUSED_FUNCTION = YES;
				GCC_WARN_UNUSED_VARIABLE = YES;
				IPHONEOS_DEPLOYMENT_TARGET = 10.0;
				MTL_ENABLE_DEBUG_INFO = NO;
				SDKROOT = iphoneos;
				SWIFT_OPTIMIZATION_LEVEL = "-Owholemodule";
				VALIDATE_PRODUCT = YES;
			};
			name = Release;
		};
		7A065B0A1E1DE7BF003D5093 /* Debug */ = {
			isa = XCBuildConfiguration;
			baseConfigurationReference = 98BF6B0F4B69CE93FF3A7FDB /* Pods-NetPictures.debug.xcconfig */;
			buildSettings = {
				ALWAYS_SEARCH_USER_PATHS = NO;
				ASSETCATALOG_COMPILER_APPICON_NAME = AppIcon;
				DEVELOPMENT_TEAM = 6VV2NJQ5AD;
				INFOPLIST_FILE = NetPictures/Info.plist;
				LD_RUNPATH_SEARCH_PATHS = "$(inherited) @executable_path/Frameworks";
				PRODUCT_BUNDLE_IDENTIFIER = com.yuhua.NetPictures;
				PRODUCT_NAME = "$(TARGET_NAME)";
				SWIFT_OBJC_BRIDGING_HEADER = "";
				SWIFT_VERSION = 3.0;
				USER_HEADER_SEARCH_PATHS = "";
			};
			name = Debug;
		};
		7A065B0B1E1DE7BF003D5093 /* Release */ = {
			isa = XCBuildConfiguration;
			baseConfigurationReference = 09DB28F1111F240D9C38728A /* Pods-NetPictures.release.xcconfig */;
			buildSettings = {
				ALWAYS_SEARCH_USER_PATHS = NO;
				ASSETCATALOG_COMPILER_APPICON_NAME = AppIcon;
				DEVELOPMENT_TEAM = 6VV2NJQ5AD;
				INFOPLIST_FILE = NetPictures/Info.plist;
				LD_RUNPATH_SEARCH_PATHS = "$(inherited) @executable_path/Frameworks";
				PRODUCT_BUNDLE_IDENTIFIER = com.yuhua.NetPictures;
				PRODUCT_NAME = "$(TARGET_NAME)";
				SWIFT_OBJC_BRIDGING_HEADER = "";
				SWIFT_VERSION = 3.0;
				USER_HEADER_SEARCH_PATHS = "";
			};
			name = Release;
		};
/* End XCBuildConfiguration section */

/* Begin XCConfigurationList section */
		7A065AF21E1DE7BF003D5093 /* Build configuration list for PBXProject "NetPictures" */ = {
			isa = XCConfigurationList;
			buildConfigurations = (
				7A065B071E1DE7BF003D5093 /* Debug */,
				7A065B081E1DE7BF003D5093 /* Release */,
			);
			defaultConfigurationIsVisible = 0;
			defaultConfigurationName = Release;
		};
		7A065B091E1DE7BF003D5093 /* Build configuration list for PBXNativeTarget "NetPictures" */ = {
			isa = XCConfigurationList;
			buildConfigurations = (
				7A065B0A1E1DE7BF003D5093 /* Debug */,
				7A065B0B1E1DE7BF003D5093 /* Release */,
			);
			defaultConfigurationIsVisible = 0;
			defaultConfigurationName = Release;
		};
/* End XCConfigurationList section */
	};
	rootObject = 7A065AEF1E1DE7BF003D5093 /* Project object */;
}
