// !$*UTF8*$!
{
	archiveVersion = 1;
	classes = {
	};
	objectVersion = 46;
	objects = {

/* Begin PBXBuildFile section */
		7A1200CC1E022D2F009B8CCF /* AppDelegate.swift in Sources */ = {isa = PBXBuildFile; fileRef = 7A1200CB1E022D2F009B8CCF /* AppDelegate.swift */; };
		7A1200CE1E022D2F009B8CCF /* ViewController.swift in Sources */ = {isa = PBXBuildFile; fileRef = 7A1200CD1E022D2F009B8CCF /* ViewController.swift */; };
		7A1200D31E022D2F009B8CCF /* Assets.xcassets in Resources */ = {isa = PBXBuildFile; fileRef = 7A1200D21E022D2F009B8CCF /* Assets.xcassets */; };
		7A1200D61E022D2F009B8CCF /* LaunchScreen.storyboard in Resources */ = {isa = PBXBuildFile; fileRef = 7A1200D41E022D2F009B8CCF /* LaunchScreen.storyboard */; };
		7A1200DF1E022EDB009B8CCF /* 成都.m4r in Resources */ = {isa = PBXBuildFile; fileRef = 7A1200DD1E022EDB009B8CCF /* 成都.m4r */; };
		7A1200E01E022EDB009B8CCF /* 童话镇.m4r in Resources */ = {isa = PBXBuildFile; fileRef = 7A1200DE1E022EDB009B8CCF /* 童话镇.m4r */; };
/* End PBXBuildFile section */

/* Begin PBXFileReference section */
		7A1200C81E022D2F009B8CCF /* MusicPlayer.app */ = {isa = PBXFileReference; explicitFileType = wrapper.application; includeInIndex = 0; path = MusicPlayer.app; sourceTree = BUILT_PRODUCTS_DIR; };
		7A1200CB1E022D2F009B8CCF /* AppDelegate.swift */ = {isa = PBXFileReference; lastKnownFileType = sourcecode.swift; path = AppDelegate.swift; sourceTree = "<group>"; };
		7A1200CD1E022D2F009B8CCF /* ViewController.swift */ = {isa = PBXFileReference; lastKnownFileType = sourcecode.swift; path = ViewController.swift; sourceTree = "<group>"; };
		7A1200D21E022D2F009B8CCF /* Assets.xcassets */ = {isa = PBXFileReference; lastKnownFileType = folder.assetcatalog; path = Assets.xcassets; sourceTree = "<group>"; };
		7A1200D51E022D2F009B8CCF /* Base */ = {isa = PBXFileReference; lastKnownFileType = file.storyboard; name = Base; path = Base.lproj/LaunchScreen.storyboard; sourceTree = "<group>"; };
		7A1200D71E022D2F009B8CCF /* Info.plist */ = {isa = PBXFileReference; lastKnownFileType = text.plist.xml; path = Info.plist; sourceTree = "<group>"; };
		7A1200DD1E022EDB009B8CCF /* 成都.m4r */ = {isa = PBXFileReference; lastKnownFileType = file; path = "成都.m4r"; sourceTree = "<group>"; };
		7A1200DE1E022EDB009B8CCF /* 童话镇.m4r */ = {isa = PBXFileReference; lastKnownFileType = file; path = "童话镇.m4r"; sourceTree = "<group>"; };
/* End PBXFileReference section */

/* Begin PBXFrameworksBuildPhase section */
		7A1200C51E022D2F009B8CCF /* Frameworks */ = {
			isa = PBXFrameworksBuildPhase;
			buildActionMask = 2147483647;
			files = (
			);
			runOnlyForDeploymentPostprocessing = 0;
		};
/* End PBXFrameworksBuildPhase section */

/* Begin PBXGroup section */
		7A1200BF1E022D2F009B8CCF = {
			isa = PBXGroup;
			children = (
				7A1200CA1E022D2F009B8CCF /* MusicPlayer */,
				7A1200C91E022D2F009B8CCF /* Products */,
			);
			sourceTree = "<group>";
		};
		7A1200C91E022D2F009B8CCF /* Products */ = {
			isa = PBXGroup;
			children = (
				7A1200C81E022D2F009B8CCF /* MusicPlayer.app */,
			);
			name = Products;
			sourceTree = "<group>";
		};
		7A1200CA1E022D2F009B8CCF /* MusicPlayer */ = {
			isa = PBXGroup;
			children = (
				7A1200DD1E022EDB009B8CCF /* 成都.m4r */,
				7A1200DE1E022EDB009B8CCF /* 童话镇.m4r */,
				7A1200CB1E022D2F009B8CCF /* AppDelegate.swift */,
				7A1200CD1E022D2F009B8CCF /* ViewController.swift */,
				7A1200D21E022D2F009B8CCF /* Assets.xcassets */,
				7A1200D41E022D2F009B8CCF /* LaunchScreen.storyboard */,
				7A1200D71E022D2F009B8CCF /* Info.plist */,
			);
			path = MusicPlayer;
			sourceTree = "<group>";
		};
/* End PBXGroup section */

/* Begin PBXNativeTarget section */
		7A1200C71E022D2F009B8CCF /* MusicPlayer */ = {
			isa = PBXNativeTarget;
			buildConfigurationList = 7A1200DA1E022D2F009B8CCF /* Build configuration list for PBXNativeTarget "MusicPlayer" */;
			buildPhases = (
				7A1200C41E022D2F009B8CCF /* Sources */,
				7A1200C51E022D2F009B8CCF /* Frameworks */,
				7A1200C61E022D2F009B8CCF /* Resources */,
			);
			buildRules = (
			);
			dependencies = (
			);
			name = MusicPlayer;
			productName = MusicPlayer;
			productReference = 7A1200C81E022D2F009B8CCF /* MusicPlayer.app */;
			productType = "com.apple.product-type.application";
		};
/* End PBXNativeTarget section */

/* Begin PBXProject section */
		7A1200C01E022D2F009B8CCF /* Project object */ = {
			isa = PBXProject;
			attributes = {
				LastSwiftUpdateCheck = 0800;
				LastUpgradeCheck = 0800;
				ORGANIZATIONNAME = YuHua;
				TargetAttributes = {
					7A1200C71E022D2F009B8CCF = {
						CreatedOnToolsVersion = 8.0;
						ProvisioningStyle = Automatic;
					};
				};
			};
			buildConfigurationList = 7A1200C31E022D2F009B8CCF /* Build configuration list for PBXProject "MusicPlayer" */;
			compatibilityVersion = "Xcode 3.2";
			developmentRegion = English;
			hasScannedForEncodings = 0;
			knownRegions = (
				en,
				Base,
			);
			mainGroup = 7A1200BF1E022D2F009B8CCF;
			productRefGroup = 7A1200C91E022D2F009B8CCF /* Products */;
			projectDirPath = "";
			projectRoot = "";
			targets = (
				7A1200C71E022D2F009B8CCF /* MusicPlayer */,
			);
		};
/* End PBXProject section */

/* Begin PBXResourcesBuildPhase section */
		7A1200C61E022D2F009B8CCF /* Resources */ = {
			isa = PBXResourcesBuildPhase;
			buildActionMask = 2147483647;
			files = (
				7A1200DF1E022EDB009B8CCF /* 成都.m4r in Resources */,
				7A1200E01E022EDB009B8CCF /* 童话镇.m4r in Resources */,
				7A1200D61E022D2F009B8CCF /* LaunchScreen.storyboard in Resources */,
				7A1200D31E022D2F009B8CCF /* Assets.xcassets in Resources */,
			);
			runOnlyForDeploymentPostprocessing = 0;
		};
/* End PBXResourcesBuildPhase section */

/* Begin PBXSourcesBuildPhase section */
		7A1200C41E022D2F009B8CCF /* Sources */ = {
			isa = PBXSourcesBuildPhase;
			buildActionMask = 2147483647;
			files = (
				7A1200CE1E022D2F009B8CCF /* ViewController.swift in Sources */,
				7A1200CC1E022D2F009B8CCF /* AppDelegate.swift in Sources */,
			);
			runOnlyForDeploymentPostprocessing = 0;
		};
/* End PBXSourcesBuildPhase section */

/* Begin PBXVariantGroup section */
		7A1200D41E022D2F009B8CCF /* LaunchScreen.storyboard */ = {
			isa = PBXVariantGroup;
			children = (
				7A1200D51E022D2F009B8CCF /* Base */,
			);
			name = LaunchScreen.storyboard;
			sourceTree = "<group>";
		};
/* End PBXVariantGroup section */

/* Begin XCBuildConfiguration section */
		7A1200D81E022D2F009B8CCF /* Debug */ = {
			isa = XCBuildConfiguration;
			buildSettings = {
				ALWAYS_SEARCH_USER_PATHS = NO;
				CLANG_ANALYZER_NONNULL = YES;
				CLANG_CXX_LANGUAGE_STANDARD = "gnu++0x";
				CLANG_CXX_LIBRARY = "libc++";
				CLANG_ENABLE_MODULES = YES;
				CLANG_ENABLE_OBJC_ARC = YES;
				CLANG_WARN_BOOL_CONVERSION = YES;
				CLANG_WARN_CONSTANT_CONVERSION = YES;
				CLANG_WARN_DIRECT_OBJC_ISA_USAGE = YES_ERROR;
				CLANG_WARN_DOCUMENTATION_COMMENTS = YES;
				CLANG_WARN_EMPTY_BODY = YES;
				CLANG_WARN_ENUM_CONVERSION = YES;
				CLANG_WARN_INFINITE_RECURSION = YES;
				CLANG_WARN_INT_CONVERSION = YES;
				CLANG_WARN_OBJC_ROOT_CLASS = YES_ERROR;
				CLANG_WARN_SUSPICIOUS_MOVES = YES;
				CLANG_WARN_UNREACHABLE_CODE = YES;
				CLANG_WARN__DUPLICATE_METHOD_MATCH = YES;
				"CODE_SIGN_IDENTITY[sdk=iphoneos*]" = "iPhone Developer";
				COPY_PHASE_STRIP = NO;
				DEBUG_INFORMATION_FORMAT = dwarf;
				ENABLE_STRICT_OBJC_MSGSEND = YES;
				ENABLE_TESTABILITY = YES;
				GCC_C_LANGUAGE_STANDARD = gnu99;
				GCC_DYNAMIC_NO_PIC = NO;
				GCC_NO_COMMON_BLOCKS = YES;
				GCC_OPTIMIZATION_LEVEL = 0;
				GCC_PREPROCESSOR_DEFINITIONS = (
					"DEBUG=1",
					"$(inherited)",
				);
				GCC_WARN_64_TO_32_BIT_CONVERSION = YES;
				GCC_WARN_ABOUT_RETURN_TYPE = YES_ERROR;
				GCC_WARN_UNDECLARED_SELECTOR = YES;
				GCC_WARN_UNINITIALIZED_AUTOS = YES_AGGRESSIVE;
				GCC_WARN_UNUSED_FUNCTION = YES;
				GCC_WARN_UNUSED_VARIABLE = YES;
				IPHONEOS_DEPLOYMENT_TARGET = 10.0;
				MTL_ENABLE_DEBUG_INFO = YES;
				ONLY_ACTIVE_ARCH = YES;
				SDKROOT = iphoneos;
				SWIFT_ACTIVE_COMPILATION_CONDITIONS = DEBUG;
				SWIFT_OPTIMIZATION_LEVEL = "-Onone";
			};
			name = Debug;
		};
		7A1200D91E022D2F009B8CCF /* Release */ = {
			isa = XCBuildConfiguration;
			buildSettings = {
				ALWAYS_SEARCH_USER_PATHS = NO;
				CLANG_ANALYZER_NONNULL = YES;
				CLANG_CXX_LANGUAGE_STANDARD = "gnu++0x";
				CLANG_CXX_LIBRARY = "libc++";
				CLANG_ENABLE_MODULES = YES;
				CLANG_ENABLE_OBJC_ARC = YES;
				CLANG_WARN_BOOL_CONVERSION = YES;
				CLANG_WARN_CONSTANT_CONVERSION = YES;
				CLANG_WARN_DIRECT_OBJC_ISA_USAGE = YES_ERROR;
				CLANG_WARN_DOCUMENTATION_COMMENTS = YES;
				CLANG_WARN_EMPTY_BODY = YES;
				CLANG_WARN_ENUM_CONVERSION = YES;
				CLANG_WARN_INFINITE_RECURSION = YES;
				CLANG_WARN_INT_CONVERSION = YES;
				CLANG_WARN_OBJC_ROOT_CLASS = YES_ERROR;
				CLANG_WARN_SUSPICIOUS_MOVES = YES;
				CLANG_WARN_UNREACHABLE_CODE = YES;
				CLANG_WARN__DUPLICATE_METHOD_MATCH = YES;
				"CODE_SIGN_IDENTITY[sdk=iphoneos*]" = "iPhone Developer";
				COPY_PHASE_STRIP = NO;
				DEBUG_INFORMATION_FORMAT = "dwarf-with-dsym";
				ENABLE_NS_ASSERTIONS = NO;
				ENABLE_STRICT_OBJC_MSGSEND = YES;
				GCC_C_LANGUAGE_STANDARD = gnu99;
				GCC_NO_COMMON_BLOCKS = YES;
				GCC_WARN_64_TO_32_BIT_CONVERSION = YES;
				GCC_WARN_ABOUT_RETURN_TYPE = YES_ERROR;
				GCC_WARN_UNDECLARED_SELECTOR = YES;
				GCC_WARN_UNINITIALIZED_AUTOS = YES_AGGRESSIVE;
				GCC_WARN_UNUSED_FUNCTION = YES;
				GCC_WARN_UNUSED_VARIABLE = YES;
				IPHONEOS_DEPLOYMENT_TARGET = 10.0;
				MTL_ENABLE_DEBUG_INFO = NO;
				SDKROOT = iphoneos;
				SWIFT_OPTIMIZATION_LEVEL = "-Owholemodule";
				VALIDATE_PRODUCT = YES;
			};
			name = Release;
		};
		7A1200DB1E022D2F009B8CCF /* Debug */ = {
			isa = XCBuildConfiguration;
			buildSettings = {
				ASSETCATALOG_COMPILER_APPICON_NAME = AppIcon;
				INFOPLIST_FILE = MusicPlayer/Info.plist;
				LD_RUNPATH_SEARCH_PATHS = "$(inherited) @executable_path/Frameworks";
				PRODUCT_BUNDLE_IDENTIFIER = com.yuhua.MusicPlayer;
				PRODUCT_NAME = "$(TARGET_NAME)";
				SWIFT_VERSION = 3.0;
			};
			name = Debug;
		};
		7A1200DC1E022D2F009B8CCF /* Release */ = {
			isa = XCBuildConfiguration;
			buildSettings = {
				ASSETCATALOG_COMPILER_APPICON_NAME = AppIcon;
				INFOPLIST_FILE = MusicPlayer/Info.plist;
				LD_RUNPATH_SEARCH_PATHS = "$(inherited) @executable_path/Frameworks";
				PRODUCT_BUNDLE_IDENTIFIER = com.yuhua.MusicPlayer;
				PRODUCT_NAME = "$(TARGET_NAME)";
				SWIFT_VERSION = 3.0;
			};
			name = Release;
		};
/* End XCBuildConfiguration section */

/* Begin XCConfigurationList section */
		7A1200C31E022D2F009B8CCF /* Build configuration list for PBXProject "MusicPlayer" */ = {
			isa = XCConfigurationList;
			buildConfigurations = (
				7A1200D81E022D2F009B8CCF /* Debug */,
				7A1200D91E022D2F009B8CCF /* Release */,
			);
			defaultConfigurationIsVisible = 0;
			defaultConfigurationName = Release;
		};
		7A1200DA1E022D2F009B8CCF /* Build configuration list for PBXNativeTarget "MusicPlayer" */ = {
			isa = XCConfigurationList;
			buildConfigurations = (
				7A1200DB1E022D2F009B8CCF /* Debug */,
				7A1200DC1E022D2F009B8CCF /* Release */,
			);
			defaultConfigurationIsVisible = 0;
		};
/* End XCConfigurationList section */
	};
	rootObject = 7A1200C01E022D2F009B8CCF /* Project object */;
}
