// !$*UTF8*$!
{
	archiveVersion = 1;
	classes = {
	};
	objectVersion = 46;
	objects = {

/* Begin PBXBuildFile section */
		7AEDA4001E0B5CC8002BF1D4 /* AppDelegate.swift in Sources */ = {isa = PBXBuildFile; fileRef = 7AEDA3FF1E0B5CC8002BF1D4 /* AppDelegate.swift */; };
		7AEDA4021E0B5CC8002BF1D4 /* ViewController.swift in Sources */ = {isa = PBXBuildFile; fileRef = 7AEDA4011E0B5CC8002BF1D4 /* ViewController.swift */; };
		7AEDA4071E0B5CC8002BF1D4 /* Assets.xcassets in Resources */ = {isa = PBXBuildFile; fileRef = 7AEDA4061E0B5CC8002BF1D4 /* Assets.xcassets */; };
		7AEDA40A1E0B5CC8002BF1D4 /* LaunchScreen.storyboard in Resources */ = {isa = PBXBuildFile; fileRef = 7AEDA4081E0B5CC8002BF1D4 /* LaunchScreen.storyboard */; };
		7AEDA4121E0B5EDF002BF1D4 /* ShowViewController.swift in Sources */ = {isa = PBXBuildFile; fileRef = 7AEDA4111E0B5EDF002BF1D4 /* ShowViewController.swift */; };
		7AEDA4141E0B5F03002BF1D4 /* LineLayout.swift in Sources */ = {isa = PBXBuildFile; fileRef = 7AEDA4131E0B5F03002BF1D4 /* LineLayout.swift */; };
		7AEDA4161E0B5F10002BF1D4 /* WaterFallLayout.swift in Sources */ = {isa = PBXBuildFile; fileRef = 7AEDA4151E0B5F10002BF1D4 /* WaterFallLayout.swift */; };
		7AEDA4181E0B5F1C002BF1D4 /* CirCleLayout.swift in Sources */ = {isa = PBXBuildFile; fileRef = 7AEDA4171E0B5F1C002BF1D4 /* CirCleLayout.swift */; };
/* End PBXBuildFile section */

/* Begin PBXFileReference section */
		7AEDA3FC1E0B5CC8002BF1D4 /* CustomCollectionLayout.app */ = {isa = PBXFileReference; explicitFileType = wrapper.application; includeInIndex = 0; path = CustomCollectionLayout.app; sourceTree = BUILT_PRODUCTS_DIR; };
		7AEDA3FF1E0B5CC8002BF1D4 /* AppDelegate.swift */ = {isa = PBXFileReference; lastKnownFileType = sourcecode.swift; path = AppDelegate.swift; sourceTree = "<group>"; };
		7AEDA4011E0B5CC8002BF1D4 /* ViewController.swift */ = {isa = PBXFileReference; lastKnownFileType = sourcecode.swift; path = ViewController.swift; sourceTree = "<group>"; };
		7AEDA4061E0B5CC8002BF1D4 /* Assets.xcassets */ = {isa = PBXFileReference; lastKnownFileType = folder.assetcatalog; path = Assets.xcassets; sourceTree = "<group>"; };
		7AEDA4091E0B5CC8002BF1D4 /* Base */ = {isa = PBXFileReference; lastKnownFileType = file.storyboard; name = Base; path = Base.lproj/LaunchScreen.storyboard; sourceTree = "<group>"; };
		7AEDA40B1E0B5CC8002BF1D4 /* Info.plist */ = {isa = PBXFileReference; lastKnownFileType = text.plist.xml; path = Info.plist; sourceTree = "<group>"; };
		7AEDA4111E0B5EDF002BF1D4 /* ShowViewController.swift */ = {isa = PBXFileReference; fileEncoding = 4; lastKnownFileType = sourcecode.swift; path = ShowViewController.swift; sourceTree = "<group>"; };
		7AEDA4131E0B5F03002BF1D4 /* LineLayout.swift */ = {isa = PBXFileReference; fileEncoding = 4; lastKnownFileType = sourcecode.swift; path = LineLayout.swift; sourceTree = "<group>"; };
		7AEDA4151E0B5F10002BF1D4 /* WaterFallLayout.swift */ = {isa = PBXFileReference; fileEncoding = 4; lastKnownFileType = sourcecode.swift; path = WaterFallLayout.swift; sourceTree = "<group>"; };
		7AEDA4171E0B5F1C002BF1D4 /* CirCleLayout.swift */ = {isa = PBXFileReference; fileEncoding = 4; lastKnownFileType = sourcecode.swift; path = CirCleLayout.swift; sourceTree = "<group>"; };
/* End PBXFileReference section */

/* Begin PBXFrameworksBuildPhase section */
		7AEDA3F91E0B5CC8002BF1D4 /* Frameworks */ = {
			isa = PBXFrameworksBuildPhase;
			buildActionMask = 2147483647;
			files = (
			);
			runOnlyForDeploymentPostprocessing = 0;
		};
/* End PBXFrameworksBuildPhase section */

/* Begin PBXGroup section */
		7AEDA3F31E0B5CC8002BF1D4 = {
			isa = PBXGroup;
			children = (
				7AEDA3FE1E0B5CC8002BF1D4 /* CustomCollectionLayout */,
				7AEDA3FD1E0B5CC8002BF1D4 /* Products */,
			);
			sourceTree = "<group>";
		};
		7AEDA3FD1E0B5CC8002BF1D4 /* Products */ = {
			isa = PBXGroup;
			children = (
				7AEDA3FC1E0B5CC8002BF1D4 /* CustomCollectionLayout.app */,
			);
			name = Products;
			sourceTree = "<group>";
		};
		7AEDA3FE1E0B5CC8002BF1D4 /* CustomCollectionLayout */ = {
			isa = PBXGroup;
			children = (
				7AEDA3FF1E0B5CC8002BF1D4 /* AppDelegate.swift */,
				7AEDA4011E0B5CC8002BF1D4 /* ViewController.swift */,
				7AEDA4111E0B5EDF002BF1D4 /* ShowViewController.swift */,
				7AEDA4131E0B5F03002BF1D4 /* LineLayout.swift */,
				7AEDA4151E0B5F10002BF1D4 /* WaterFallLayout.swift */,
				7AEDA4171E0B5F1C002BF1D4 /* CirCleLayout.swift */,
				7AEDA4061E0B5CC8002BF1D4 /* Assets.xcassets */,
				7AEDA4081E0B5CC8002BF1D4 /* LaunchScreen.storyboard */,
				7AEDA40B1E0B5CC8002BF1D4 /* Info.plist */,
			);
			path = CustomCollectionLayout;
			sourceTree = "<group>";
		};
/* End PBXGroup section */

/* Begin PBXNativeTarget section */
		7AEDA3FB1E0B5CC8002BF1D4 /* CustomCollectionLayout */ = {
			isa = PBXNativeTarget;
			buildConfigurationList = 7AEDA40E1E0B5CC8002BF1D4 /* Build configuration list for PBXNativeTarget "CustomCollectionLayout" */;
			buildPhases = (
				7AEDA3F81E0B5CC8002BF1D4 /* Sources */,
				7AEDA3F91E0B5CC8002BF1D4 /* Frameworks */,
				7AEDA3FA1E0B5CC8002BF1D4 /* Resources */,
			);
			buildRules = (
			);
			dependencies = (
			);
			name = CustomCollectionLayout;
			productName = CustomCollectionLayout;
			productReference = 7AEDA3FC1E0B5CC8002BF1D4 /* CustomCollectionLayout.app */;
			productType = "com.apple.product-type.application";
		};
/* End PBXNativeTarget section */

/* Begin PBXProject section */
		7AEDA3F41E0B5CC8002BF1D4 /* Project object */ = {
			isa = PBXProject;
			attributes = {
				LastSwiftUpdateCheck = 0800;
				LastUpgradeCheck = 0800;
				ORGANIZATIONNAME = YuHua;
				TargetAttributes = {
					7AEDA3FB1E0B5CC8002BF1D4 = {
						CreatedOnToolsVersion = 8.0;
						ProvisioningStyle = Automatic;
					};
				};
			};
			buildConfigurationList = 7AEDA3F71E0B5CC8002BF1D4 /* Build configuration list for PBXProject "CustomCollectionLayout" */;
			compatibilityVersion = "Xcode 3.2";
			developmentRegion = English;
			hasScannedForEncodings = 0;
			knownRegions = (
				en,
				Base,
			);
			mainGroup = 7AEDA3F31E0B5CC8002BF1D4;
			productRefGroup = 7AEDA3FD1E0B5CC8002BF1D4 /* Products */;
			projectDirPath = "";
			projectRoot = "";
			targets = (
				7AEDA3FB1E0B5CC8002BF1D4 /* CustomCollectionLayout */,
			);
		};
/* End PBXProject section */

/* Begin PBXResourcesBuildPhase section */
		7AEDA3FA1E0B5CC8002BF1D4 /* Resources */ = {
			isa = PBXResourcesBuildPhase;
			buildActionMask = 2147483647;
			files = (
				7AEDA40A1E0B5CC8002BF1D4 /* LaunchScreen.storyboard in Resources */,
				7AEDA4071E0B5CC8002BF1D4 /* Assets.xcassets in Resources */,
			);
			runOnlyForDeploymentPostprocessing = 0;
		};
/* End PBXResourcesBuildPhase section */

/* Begin PBXSourcesBuildPhase section */
		7AEDA3F81E0B5CC8002BF1D4 /* Sources */ = {
			isa = PBXSourcesBuildPhase;
			buildActionMask = 2147483647;
			files = (
				7AEDA4021E0B5CC8002BF1D4 /* ViewController.swift in Sources */,
				7AEDA4161E0B5F10002BF1D4 /* WaterFallLayout.swift in Sources */,
				7AEDA4141E0B5F03002BF1D4 /* LineLayout.swift in Sources */,
				7AEDA4001E0B5CC8002BF1D4 /* AppDelegate.swift in Sources */,
				7AEDA4121E0B5EDF002BF1D4 /* ShowViewController.swift in Sources */,
				7AEDA4181E0B5F1C002BF1D4 /* CirCleLayout.swift in Sources */,
			);
			runOnlyForDeploymentPostprocessing = 0;
		};
/* End PBXSourcesBuildPhase section */

/* Begin PBXVariantGroup section */
		7AEDA4081E0B5CC8002BF1D4 /* LaunchScreen.storyboard */ = {
			isa = PBXVariantGroup;
			children = (
				7AEDA4091E0B5CC8002BF1D4 /* Base */,
			);
			name = LaunchScreen.storyboard;
			sourceTree = "<group>";
		};
/* End PBXVariantGroup section */

/* Begin XCBuildConfiguration section */
		7AEDA40C1E0B5CC8002BF1D4 /* Debug */ = {
			isa = XCBuildConfiguration;
			buildSettings = {
				ALWAYS_SEARCH_USER_PATHS = NO;
				CLANG_ANALYZER_NONNULL = YES;
				CLANG_CXX_LANGUAGE_STANDARD = "gnu++0x";
				CLANG_CXX_LIBRARY = "libc++";
				CLANG_ENABLE_MODULES = YES;
				CLANG_ENABLE_OBJC_ARC = YES;
				CLANG_WARN_BOOL_CONVERSION = YES;
				CLANG_WARN_CONSTANT_CONVERSION = YES;
				CLANG_WARN_DIRECT_OBJC_ISA_USAGE = YES_ERROR;
				CLANG_WARN_DOCUMENTATION_COMMENTS = YES;
				CLANG_WARN_EMPTY_BODY = YES;
				CLANG_WARN_ENUM_CONVERSION = YES;
				CLANG_WARN_INFINITE_RECURSION = YES;
				CLANG_WARN_INT_CONVERSION = YES;
				CLANG_WARN_OBJC_ROOT_CLASS = YES_ERROR;
				CLANG_WARN_SUSPICIOUS_MOVES = YES;
				CLANG_WARN_UNREACHABLE_CODE = YES;
				CLANG_WARN__DUPLICATE_METHOD_MATCH = YES;
				"CODE_SIGN_IDENTITY[sdk=iphoneos*]" = "iPhone Developer";
				COPY_PHASE_STRIP = NO;
				DEBUG_INFORMATION_FORMAT = dwarf;
				ENABLE_STRICT_OBJC_MSGSEND = YES;
				ENABLE_TESTABILITY = YES;
				GCC_C_LANGUAGE_STANDARD = gnu99;
				GCC_DYNAMIC_NO_PIC = NO;
				GCC_NO_COMMON_BLOCKS = YES;
				GCC_OPTIMIZATION_LEVEL = 0;
				GCC_PREPROCESSOR_DEFINITIONS = (
					"DEBUG=1",
					"$(inherited)",
				);
				GCC_WARN_64_TO_32_BIT_CONVERSION = YES;
				GCC_WARN_ABOUT_RETURN_TYPE = YES_ERROR;
				GCC_WARN_UNDECLARED_SELECTOR = YES;
				GCC_WARN_UNINITIALIZED_AUTOS = YES_AGGRESSIVE;
				GCC_WARN_UNUSED_FUNCTION = YES;
				GCC_WARN_UNUSED_VARIABLE = YES;
				IPHONEOS_DEPLOYMENT_TARGET = 10.0;
				MTL_ENABLE_DEBUG_INFO = YES;
				ONLY_ACTIVE_ARCH = YES;
				SDKROOT = iphoneos;
				SWIFT_ACTIVE_COMPILATION_CONDITIONS = DEBUG;
				SWIFT_OPTIMIZATION_LEVEL = "-Onone";
			};
			name = Debug;
		};
		7AEDA40D1E0B5CC8002BF1D4 /* Release */ = {
			isa = XCBuildConfiguration;
			buildSettings = {
				ALWAYS_SEARCH_USER_PATHS = NO;
				CLANG_ANALYZER_NONNULL = YES;
				CLANG_CXX_LANGUAGE_STANDARD = "gnu++0x";
				CLANG_CXX_LIBRARY = "libc++";
				CLANG_ENABLE_MODULES = YES;
				CLANG_ENABLE_OBJC_ARC = YES;
				CLANG_WARN_BOOL_CONVERSION = YES;
				CLANG_WARN_CONSTANT_CONVERSION = YES;
				CLANG_WARN_DIRECT_OBJC_ISA_USAGE = YES_ERROR;
				CLANG_WARN_DOCUMENTATION_COMMENTS = YES;
				CLANG_WARN_EMPTY_BODY = YES;
				CLANG_WARN_ENUM_CONVERSION = YES;
				CLANG_WARN_INFINITE_RECURSION = YES;
				CLANG_WARN_INT_CONVERSION = YES;
				CLANG_WARN_OBJC_ROOT_CLASS = YES_ERROR;
				CLANG_WARN_SUSPICIOUS_MOVES = YES;
				CLANG_WARN_UNREACHABLE_CODE = YES;
				CLANG_WARN__DUPLICATE_METHOD_MATCH = YES;
				"CODE_SIGN_IDENTITY[sdk=iphoneos*]" = "iPhone Developer";
				COPY_PHASE_STRIP = NO;
				DEBUG_INFORMATION_FORMAT = "dwarf-with-dsym";
				ENABLE_NS_ASSERTIONS = NO;
				ENABLE_STRICT_OBJC_MSGSEND = YES;
				GCC_C_LANGUAGE_STANDARD = gnu99;
				GCC_NO_COMMON_BLOCKS = YES;
				GCC_WARN_64_TO_32_BIT_CONVERSION = YES;
				GCC_WARN_ABOUT_RETURN_TYPE = YES_ERROR;
				GCC_WARN_UNDECLARED_SELECTOR = YES;
				GCC_WARN_UNINITIALIZED_AUTOS = YES_AGGRESSIVE;
				GCC_WARN_UNUSED_FUNCTION = YES;
				GCC_WARN_UNUSED_VARIABLE = YES;
				IPHONEOS_DEPLOYMENT_TARGET = 10.0;
				MTL_ENABLE_DEBUG_INFO = NO;
				SDKROOT = iphoneos;
				SWIFT_OPTIMIZATION_LEVEL = "-Owholemodule";
				VALIDATE_PRODUCT = YES;
			};
			name = Release;
		};
		7AEDA40F1E0B5CC8002BF1D4 /* Debug */ = {
			isa = XCBuildConfiguration;
			buildSettings = {
				ASSETCATALOG_COMPILER_APPICON_NAME = AppIcon;
				INFOPLIST_FILE = CustomCollectionLayout/Info.plist;
				LD_RUNPATH_SEARCH_PATHS = "$(inherited) @executable_path/Frameworks";
				PRODUCT_BUNDLE_IDENTIFIER = com.yuhua.CustomCollectionLayout;
				PRODUCT_NAME = "$(TARGET_NAME)";
				SWIFT_VERSION = 3.0;
			};
			name = Debug;
		};
		7AEDA4101E0B5CC8002BF1D4 /* Release */ = {
			isa = XCBuildConfiguration;
			buildSettings = {
				ASSETCATALOG_COMPILER_APPICON_NAME = AppIcon;
				INFOPLIST_FILE = CustomCollectionLayout/Info.plist;
				LD_RUNPATH_SEARCH_PATHS = "$(inherited) @executable_path/Frameworks";
				PRODUCT_BUNDLE_IDENTIFIER = com.yuhua.CustomCollectionLayout;
				PRODUCT_NAME = "$(TARGET_NAME)";
				SWIFT_VERSION = 3.0;
			};
			name = Release;
		};
/* End XCBuildConfiguration section */

/* Begin XCConfigurationList section */
		7AEDA3F71E0B5CC8002BF1D4 /* Build configuration list for PBXProject "CustomCollectionLayout" */ = {
			isa = XCConfigurationList;
			buildConfigurations = (
				7AEDA40C1E0B5CC8002BF1D4 /* Debug */,
				7AEDA40D1E0B5CC8002BF1D4 /* Release */,
			);
			defaultConfigurationIsVisible = 0;
			defaultConfigurationName = Release;
		};
		7AEDA40E1E0B5CC8002BF1D4 /* Build configuration list for PBXNativeTarget "CustomCollectionLayout" */ = {
			isa = XCConfigurationList;
			buildConfigurations = (
				7AEDA40F1E0B5CC8002BF1D4 /* Debug */,
				7AEDA4101E0B5CC8002BF1D4 /* Release */,
			);
			defaultConfigurationIsVisible = 0;
		};
/* End XCConfigurationList section */
	};
	rootObject = 7AEDA3F41E0B5CC8002BF1D4 /* Project object */;
}
