// !$*UTF8*$!
{
	archiveVersion = 1;
	classes = {
	};
	objectVersion = 46;
	objects = {

/* Begin PBXBuildFile section */
		7AF0A6CE1E0A171F0076C37D /* AppDelegate.swift in Sources */ = {isa = PBXBuildFile; fileRef = 7AF0A6CD1E0A171F0076C37D /* AppDelegate.swift */; };
		7AF0A6D01E0A171F0076C37D /* ViewController.swift in Sources */ = {isa = PBXBuildFile; fileRef = 7AF0A6CF1E0A171F0076C37D /* ViewController.swift */; };
		7AF0A6D51E0A171F0076C37D /* Assets.xcassets in Resources */ = {isa = PBXBuildFile; fileRef = 7AF0A6D41E0A171F0076C37D /* Assets.xcassets */; };
		7AF0A6D81E0A171F0076C37D /* LaunchScreen.storyboard in Resources */ = {isa = PBXBuildFile; fileRef = 7AF0A6D61E0A171F0076C37D /* LaunchScreen.storyboard */; };
		7AF0A6E01E0A182F0076C37D /* SortableCollectionView.swift in Sources */ = {isa = PBXBuildFile; fileRef = 7AF0A6DF1E0A182F0076C37D /* SortableCollectionView.swift */; };
/* End PBXBuildFile section */

/* Begin PBXFileReference section */
		7AF0A6CA1E0A171F0076C37D /* SortableCollectionView.app */ = {isa = PBXFileReference; explicitFileType = wrapper.application; includeInIndex = 0; path = SortableCollectionView.app; sourceTree = BUILT_PRODUCTS_DIR; };
		7AF0A6CD1E0A171F0076C37D /* AppDelegate.swift */ = {isa = PBXFileReference; lastKnownFileType = sourcecode.swift; path = AppDelegate.swift; sourceTree = "<group>"; };
		7AF0A6CF1E0A171F0076C37D /* ViewController.swift */ = {isa = PBXFileReference; lastKnownFileType = sourcecode.swift; path = ViewController.swift; sourceTree = "<group>"; };
		7AF0A6D41E0A171F0076C37D /* Assets.xcassets */ = {isa = PBXFileReference; lastKnownFileType = folder.assetcatalog; path = Assets.xcassets; sourceTree = "<group>"; };
		7AF0A6D71E0A171F0076C37D /* Base */ = {isa = PBXFileReference; lastKnownFileType = file.storyboard; name = Base; path = Base.lproj/LaunchScreen.storyboard; sourceTree = "<group>"; };
		7AF0A6D91E0A171F0076C37D /* Info.plist */ = {isa = PBXFileReference; lastKnownFileType = text.plist.xml; path = Info.plist; sourceTree = "<group>"; };
		7AF0A6DF1E0A182F0076C37D /* SortableCollectionView.swift */ = {isa = PBXFileReference; fileEncoding = 4; lastKnownFileType = sourcecode.swift; path = SortableCollectionView.swift; sourceTree = "<group>"; };
/* End PBXFileReference section */

/* Begin PBXFrameworksBuildPhase section */
		7AF0A6C71E0A171F0076C37D /* Frameworks */ = {
			isa = PBXFrameworksBuildPhase;
			buildActionMask = 2147483647;
			files = (
			);
			runOnlyForDeploymentPostprocessing = 0;
		};
/* End PBXFrameworksBuildPhase section */

/* Begin PBXGroup section */
		7AF0A6C11E0A171F0076C37D = {
			isa = PBXGroup;
			children = (
				7AF0A6CC1E0A171F0076C37D /* SortableCollectionView */,
				7AF0A6CB1E0A171F0076C37D /* Products */,
			);
			sourceTree = "<group>";
		};
		7AF0A6CB1E0A171F0076C37D /* Products */ = {
			isa = PBXGroup;
			children = (
				7AF0A6CA1E0A171F0076C37D /* SortableCollectionView.app */,
			);
			name = Products;
			sourceTree = "<group>";
		};
		7AF0A6CC1E0A171F0076C37D /* SortableCollectionView */ = {
			isa = PBXGroup;
			children = (
				7AF0A6CD1E0A171F0076C37D /* AppDelegate.swift */,
				7AF0A6CF1E0A171F0076C37D /* ViewController.swift */,
				7AF0A6DF1E0A182F0076C37D /* SortableCollectionView.swift */,
				7AF0A6D41E0A171F0076C37D /* Assets.xcassets */,
				7AF0A6D61E0A171F0076C37D /* LaunchScreen.storyboard */,
				7AF0A6D91E0A171F0076C37D /* Info.plist */,
			);
			path = SortableCollectionView;
			sourceTree = "<group>";
		};
/* End PBXGroup section */

/* Begin PBXNativeTarget section */
		7AF0A6C91E0A171F0076C37D /* SortableCollectionView */ = {
			isa = PBXNativeTarget;
			buildConfigurationList = 7AF0A6DC1E0A171F0076C37D /* Build configuration list for PBXNativeTarget "SortableCollectionView" */;
			buildPhases = (
				7AF0A6C61E0A171F0076C37D /* Sources */,
				7AF0A6C71E0A171F0076C37D /* Frameworks */,
				7AF0A6C81E0A171F0076C37D /* Resources */,
			);
			buildRules = (
			);
			dependencies = (
			);
			name = SortableCollectionView;
			productName = SortableCollectionView;
			productReference = 7AF0A6CA1E0A171F0076C37D /* SortableCollectionView.app */;
			productType = "com.apple.product-type.application";
		};
/* End PBXNativeTarget section */

/* Begin PBXProject section */
		7AF0A6C21E0A171F0076C37D /* Project object */ = {
			isa = PBXProject;
			attributes = {
				LastSwiftUpdateCheck = 0800;
				LastUpgradeCheck = 0800;
				ORGANIZATIONNAME = YuHua;
				TargetAttributes = {
					7AF0A6C91E0A171F0076C37D = {
						CreatedOnToolsVersion = 8.0;
						DevelopmentTeam = 6VV2NJQ5AD;
						ProvisioningStyle = Automatic;
					};
				};
			};
			buildConfigurationList = 7AF0A6C51E0A171F0076C37D /* Build configuration list for PBXProject "SortableCollectionView" */;
			compatibilityVersion = "Xcode 3.2";
			developmentRegion = English;
			hasScannedForEncodings = 0;
			knownRegions = (
				en,
				Base,
			);
			mainGroup = 7AF0A6C11E0A171F0076C37D;
			productRefGroup = 7AF0A6CB1E0A171F0076C37D /* Products */;
			projectDirPath = "";
			projectRoot = "";
			targets = (
				7AF0A6C91E0A171F0076C37D /* SortableCollectionView */,
			);
		};
/* End PBXProject section */

/* Begin PBXResourcesBuildPhase section */
		7AF0A6C81E0A171F0076C37D /* Resources */ = {
			isa = PBXResourcesBuildPhase;
			buildActionMask = 2147483647;
			files = (
				7AF0A6D81E0A171F0076C37D /* LaunchScreen.storyboard in Resources */,
				7AF0A6D51E0A171F0076C37D /* Assets.xcassets in Resources */,
			);
			runOnlyForDeploymentPostprocessing = 0;
		};
/* End PBXResourcesBuildPhase section */

/* Begin PBXSourcesBuildPhase section */
		7AF0A6C61E0A171F0076C37D /* Sources */ = {
			isa = PBXSourcesBuildPhase;
			buildActionMask = 2147483647;
			files = (
				7AF0A6E01E0A182F0076C37D /* SortableCollectionView.swift in Sources */,
				7AF0A6D01E0A171F0076C37D /* ViewController.swift in Sources */,
				7AF0A6CE1E0A171F0076C37D /* AppDelegate.swift in Sources */,
			);
			runOnlyForDeploymentPostprocessing = 0;
		};
/* End PBXSourcesBuildPhase section */

/* Begin PBXVariantGroup section */
		7AF0A6D61E0A171F0076C37D /* LaunchScreen.storyboard */ = {
			isa = PBXVariantGroup;
			children = (
				7AF0A6D71E0A171F0076C37D /* Base */,
			);
			name = LaunchScreen.storyboard;
			sourceTree = "<group>";
		};
/* End PBXVariantGroup section */

/* Begin XCBuildConfiguration section */
		7AF0A6DA1E0A171F0076C37D /* Debug */ = {
			isa = XCBuildConfiguration;
			buildSettings = {
				ALWAYS_SEARCH_USER_PATHS = NO;
				CLANG_ANALYZER_NONNULL = YES;
				CLANG_CXX_LANGUAGE_STANDARD = "gnu++0x";
				CLANG_CXX_LIBRARY = "libc++";
				CLANG_ENABLE_MODULES = YES;
				CLANG_ENABLE_OBJC_ARC = YES;
				CLANG_WARN_BOOL_CONVERSION = YES;
				CLANG_WARN_CONSTANT_CONVERSION = YES;
				CLANG_WARN_DIRECT_OBJC_ISA_USAGE = YES_ERROR;
				CLANG_WARN_DOCUMENTATION_COMMENTS = YES;
				CLANG_WARN_EMPTY_BODY = YES;
				CLANG_WARN_ENUM_CONVERSION = YES;
				CLANG_WARN_INFINITE_RECURSION = YES;
				CLANG_WARN_INT_CONVERSION = YES;
				CLANG_WARN_OBJC_ROOT_CLASS = YES_ERROR;
				CLANG_WARN_SUSPICIOUS_MOVES = YES;
				CLANG_WARN_UNREACHABLE_CODE = YES;
				CLANG_WARN__DUPLICATE_METHOD_MATCH = YES;
				"CODE_SIGN_IDENTITY[sdk=iphoneos*]" = "iPhone Developer";
				COPY_PHASE_STRIP = NO;
				DEBUG_INFORMATION_FORMAT = dwarf;
				ENABLE_STRICT_OBJC_MSGSEND = YES;
				ENABLE_TESTABILITY = YES;
				GCC_C_LANGUAGE_STANDARD = gnu99;
				GCC_DYNAMIC_NO_PIC = NO;
				GCC_NO_COMMON_BLOCKS = YES;
				GCC_OPTIMIZATION_LEVEL = 0;
				GCC_PREPROCESSOR_DEFINITIONS = (
					"DEBUG=1",
					"$(inherited)",
				);
				GCC_WARN_64_TO_32_BIT_CONVERSION = YES;
				GCC_WARN_ABOUT_RETURN_TYPE = YES_ERROR;
				GCC_WARN_UNDECLARED_SELECTOR = YES;
				GCC_WARN_UNINITIALIZED_AUTOS = YES_AGGRESSIVE;
				GCC_WARN_UNUSED_FUNCTION = YES;
				GCC_WARN_UNUSED_VARIABLE = YES;
				IPHONEOS_DEPLOYMENT_TARGET = 10.0;
				MTL_ENABLE_DEBUG_INFO = YES;
				ONLY_ACTIVE_ARCH = YES;
				SDKROOT = iphoneos;
				SWIFT_ACTIVE_COMPILATION_CONDITIONS = DEBUG;
				SWIFT_OPTIMIZATION_LEVEL = "-Onone";
			};
			name = Debug;
		};
		7AF0A6DB1E0A171F0076C37D /* Release */ = {
			isa = XCBuildConfiguration;
			buildSettings = {
				ALWAYS_SEARCH_USER_PATHS = NO;
				CLANG_ANALYZER_NONNULL = YES;
				CLANG_CXX_LANGUAGE_STANDARD = "gnu++0x";
				CLANG_CXX_LIBRARY = "libc++";
				CLANG_ENABLE_MODULES = YES;
				CLANG_ENABLE_OBJC_ARC = YES;
				CLANG_WARN_BOOL_CONVERSION = YES;
				CLANG_WARN_CONSTANT_CONVERSION = YES;
				CLANG_WARN_DIRECT_OBJC_ISA_USAGE = YES_ERROR;
				CLANG_WARN_DOCUMENTATION_COMMENTS = YES;
				CLANG_WARN_EMPTY_BODY = YES;
				CLANG_WARN_ENUM_CONVERSION = YES;
				CLANG_WARN_INFINITE_RECURSION = YES;
				CLANG_WARN_INT_CONVERSION = YES;
				CLANG_WARN_OBJC_ROOT_CLASS = YES_ERROR;
				CLANG_WARN_SUSPICIOUS_MOVES = YES;
				CLANG_WARN_UNREACHABLE_CODE = YES;
				CLANG_WARN__DUPLICATE_METHOD_MATCH = YES;
				"CODE_SIGN_IDENTITY[sdk=iphoneos*]" = "iPhone Developer";
				COPY_PHASE_STRIP = NO;
				DEBUG_INFORMATION_FORMAT = "dwarf-with-dsym";
				ENABLE_NS_ASSERTIONS = NO;
				ENABLE_STRICT_OBJC_MSGSEND = YES;
				GCC_C_LANGUAGE_STANDARD = gnu99;
				GCC_NO_COMMON_BLOCKS = YES;
				GCC_WARN_64_TO_32_BIT_CONVERSION = YES;
				GCC_WARN_ABOUT_RETURN_TYPE = YES_ERROR;
				GCC_WARN_UNDECLARED_SELECTOR = YES;
				GCC_WARN_UNINITIALIZED_AUTOS = YES_AGGRESSIVE;
				GCC_WARN_UNUSED_FUNCTION = YES;
				GCC_WARN_UNUSED_VARIABLE = YES;
				IPHONEOS_DEPLOYMENT_TARGET = 10.0;
				MTL_ENABLE_DEBUG_INFO = NO;
				SDKROOT = iphoneos;
				SWIFT_OPTIMIZATION_LEVEL = "-Owholemodule";
				VALIDATE_PRODUCT = YES;
			};
			name = Release;
		};
		7AF0A6DD1E0A171F0076C37D /* Debug */ = {
			isa = XCBuildConfiguration;
			buildSettings = {
				ASSETCATALOG_COMPILER_APPICON_NAME = AppIcon;
				DEVELOPMENT_TEAM = 6VV2NJQ5AD;
				INFOPLIST_FILE = SortableCollectionView/Info.plist;
				LD_RUNPATH_SEARCH_PATHS = "$(inherited) @executable_path/Frameworks";
				PRODUCT_BUNDLE_IDENTIFIER = com.yuhua.SortableCollectionView;
				PRODUCT_NAME = "$(TARGET_NAME)";
				SWIFT_VERSION = 3.0;
			};
			name = Debug;
		};
		7AF0A6DE1E0A171F0076C37D /* Release */ = {
			isa = XCBuildConfiguration;
			buildSettings = {
				ASSETCATALOG_COMPILER_APPICON_NAME = AppIcon;
				DEVELOPMENT_TEAM = 6VV2NJQ5AD;
				INFOPLIST_FILE = SortableCollectionView/Info.plist;
				LD_RUNPATH_SEARCH_PATHS = "$(inherited) @executable_path/Frameworks";
				PRODUCT_BUNDLE_IDENTIFIER = com.yuhua.SortableCollectionView;
				PRODUCT_NAME = "$(TARGET_NAME)";
				SWIFT_VERSION = 3.0;
			};
			name = Release;
		};
/* End XCBuildConfiguration section */

/* Begin XCConfigurationList section */
		7AF0A6C51E0A171F0076C37D /* Build configuration list for PBXProject "SortableCollectionView" */ = {
			isa = XCConfigurationList;
			buildConfigurations = (
				7AF0A6DA1E0A171F0076C37D /* Debug */,
				7AF0A6DB1E0A171F0076C37D /* Release */,
			);
			defaultConfigurationIsVisible = 0;
			defaultConfigurationName = Release;
		};
		7AF0A6DC1E0A171F0076C37D /* Build configuration list for PBXNativeTarget "SortableCollectionView" */ = {
			isa = XCConfigurationList;
			buildConfigurations = (
				7AF0A6DD1E0A171F0076C37D /* Debug */,
				7AF0A6DE1E0A171F0076C37D /* Release */,
			);
			defaultConfigurationIsVisible = 0;
			defaultConfigurationName = Release;
		};
/* End XCConfigurationList section */
	};
	rootObject = 7AF0A6C21E0A171F0076C37D /* Project object */;
}
